// !$*UTF8*$!
{
	archiveVersion = 1;
	classes = {
	};
	objectVersion = 46;
	objects = {

/* Begin PBXBuildFile section */
		F56171F41AB5B1D300DB65E7 /* AppDelegate.m in Sources */ = {isa = PBXBuildFile; fileRef = F56171F31AB5B1D300DB65E7 /* AppDelegate.m */; };
		F56171F61AB5B1D300DB65E7 /* main.m in Sources */ = {isa = PBXBuildFile; fileRef = F56171F51AB5B1D300DB65E7 /* main.m */; };
		F56171F91AB5B1D300DB65E7 /* ViewController.m in Sources */ = {isa = PBXBuildFile; fileRef = F56171F81AB5B1D300DB65E7 /* ViewController.m */; };
		F56171FB1AB5B1D300DB65E7 /* Images.xcassets in Resources */ = {isa = PBXBuildFile; fileRef = F56171FA1AB5B1D300DB65E7 /* Images.xcassets */; };
		F56171FE1AB5B1D300DB65E7 /* Main.storyboard in Resources */ = {isa = PBXBuildFile; fileRef = F56171FC1AB5B1D300DB65E7 /* Main.storyboard */; };
		F561720A1AB5B1D300DB65E7 /* VkMessageTests.m in Sources */ = {isa = PBXBuildFile; fileRef = F56172091AB5B1D300DB65E7 /* VkMessageTests.m */; };
		F561722E1AB5EAE300DB65E7 /* SerialPortSample.c in Sources */ = {isa = PBXBuildFile; fileRef = F561722C1AB5EAE300DB65E7 /* SerialPortSample.c */; };
/* End PBXBuildFile section */

/* Begin PBXContainerItemProxy section */
		F56172041AB5B1D300DB65E7 /* PBXContainerItemProxy */ = {
			isa = PBXContainerItemProxy;
			containerPortal = F56171E51AB5B1D300DB65E7 /* Project object */;
			proxyType = 1;
			remoteGlobalIDString = F56171EC1AB5B1D300DB65E7;
			remoteInfo = VkMessage;
		};
/* End PBXContainerItemProxy section */

/* Begin PBXFileReference section */
		F56171ED1AB5B1D300DB65E7 /* VkMessage.app */ = {isa = PBXFileReference; explicitFileType = wrapper.application; includeInIndex = 0; path = VkMessage.app; sourceTree = BUILT_PRODUCTS_DIR; };
		F56171F11AB5B1D300DB65E7 /* Info.plist */ = {isa = PBXFileReference; lastKnownFileType = text.plist.xml; path = Info.plist; sourceTree = "<group>"; };
		F56171F21AB5B1D300DB65E7 /* AppDelegate.h */ = {isa = PBXFileReference; lastKnownFileType = sourcecode.c.h; path = AppDelegate.h; sourceTree = "<group>"; };
		F56171F31AB5B1D300DB65E7 /* AppDelegate.m */ = {isa = PBXFileReference; lastKnownFileType = sourcecode.c.objc; path = AppDelegate.m; sourceTree = "<group>"; };
		F56171F51AB5B1D300DB65E7 /* main.m */ = {isa = PBXFileReference; lastKnownFileType = sourcecode.c.objc; path = main.m; sourceTree = "<group>"; };
		F56171F71AB5B1D300DB65E7 /* ViewController.h */ = {isa = PBXFileReference; lastKnownFileType = sourcecode.c.h; path = ViewController.h; sourceTree = "<group>"; };
		F56171F81AB5B1D300DB65E7 /* ViewController.m */ = {isa = PBXFileReference; lastKnownFileType = sourcecode.c.objc; path = ViewController.m; sourceTree = "<group>"; };
		F56171FA1AB5B1D300DB65E7 /* Images.xcassets */ = {isa = PBXFileReference; lastKnownFileType = folder.assetcatalog; path = Images.xcassets; sourceTree = "<group>"; };
		F56171FD1AB5B1D300DB65E7 /* Base */ = {isa = PBXFileReference; lastKnownFileType = file.storyboard; name = Base; path = Base.lproj/Main.storyboard; sourceTree = "<group>"; };
		F56172031AB5B1D300DB65E7 /* VkMessageTests.xctest */ = {isa = PBXFileReference; explicitFileType = wrapper.cfbundle; includeInIndex = 0; path = VkMessageTests.xctest; sourceTree = BUILT_PRODUCTS_DIR; };
		F56172081AB5B1D300DB65E7 /* Info.plist */ = {isa = PBXFileReference; lastKnownFileType = text.plist.xml; path = Info.plist; sourceTree = "<group>"; };
		F56172091AB5B1D300DB65E7 /* VkMessageTests.m */ = {isa = PBXFileReference; lastKnownFileType = sourcecode.c.objc; path = VkMessageTests.m; sourceTree = "<group>"; };
		F561722C1AB5EAE300DB65E7 /* SerialPortSample.c */ = {isa = PBXFileReference; fileEncoding = 4; lastKnownFileType = sourcecode.c.c; path = SerialPortSample.c; sourceTree = "<group>"; };
		F561722D1AB5EAE300DB65E7 /* SerialPortSample.h */ = {isa = PBXFileReference; fileEncoding = 4; lastKnownFileType = sourcecode.c.h; path = SerialPortSample.h; sourceTree = "<group>"; };
/* End PBXFileReference section */

/* Begin PBXFrameworksBuildPhase section */
		F56171EA1AB5B1D300DB65E7 /* Frameworks */ = {
			isa = PBXFrameworksBuildPhase;
			buildActionMask = 2147483647;
			files = (
			);
			runOnlyForDeploymentPostprocessing = 0;
		};
		F56172001AB5B1D300DB65E7 /* Frameworks */ = {
			isa = PBXFrameworksBuildPhase;
			buildActionMask = 2147483647;
			files = (
			);
			runOnlyForDeploymentPostprocessing = 0;
		};
/* End PBXFrameworksBuildPhase section */

/* Begin PBXGroup section */
		F56171E41AB5B1D300DB65E7 = {
			isa = PBXGroup;
			children = (
				F56171EF1AB5B1D300DB65E7 /* VkMessage */,
				F56172061AB5B1D300DB65E7 /* VkMessageTests */,
				F56171EE1AB5B1D300DB65E7 /* Products */,
			);
			sourceTree = "<group>";
		};
		F56171EE1AB5B1D300DB65E7 /* Products */ = {
			isa = PBXGroup;
			children = (
				F56171ED1AB5B1D300DB65E7 /* VkMessage.app */,
				F56172031AB5B1D300DB65E7 /* VkMessageTests.xctest */,
			);
			name = Products;
			sourceTree = "<group>";
		};
		F56171EF1AB5B1D300DB65E7 /* VkMessage */ = {
			isa = PBXGroup;
			children = (
				F56171F21AB5B1D300DB65E7 /* AppDelegate.h */,
				F56171F31AB5B1D300DB65E7 /* AppDelegate.m */,
				F56171F71AB5B1D300DB65E7 /* ViewController.h */,
				F56171F81AB5B1D300DB65E7 /* ViewController.m */,
				F56171FA1AB5B1D300DB65E7 /* Images.xcassets */,
				F56171FC1AB5B1D300DB65E7 /* Main.storyboard */,
				F56171F01AB5B1D300DB65E7 /* Supporting Files */,
				F561722C1AB5EAE300DB65E7 /* SerialPortSample.c */,
				F561722D1AB5EAE300DB65E7 /* SerialPortSample.h */,
			);
			path = VkMessage;
			sourceTree = "<group>";
		};
		F56171F01AB5B1D300DB65E7 /* Supporting Files */ = {
			isa = PBXGroup;
			children = (
				F56171F11AB5B1D300DB65E7 /* Info.plist */,
				F56171F51AB5B1D300DB65E7 /* main.m */,
			);
			name = "Supporting Files";
			sourceTree = "<group>";
		};
		F56172061AB5B1D300DB65E7 /* VkMessageTests */ = {
			isa = PBXGroup;
			children = (
				F56172091AB5B1D300DB65E7 /* VkMessageTests.m */,
				F56172071AB5B1D300DB65E7 /* Supporting Files */,
			);
			path = VkMessageTests;
			sourceTree = "<group>";
		};
		F56172071AB5B1D300DB65E7 /* Supporting Files */ = {
			isa = PBXGroup;
			children = (
				F56172081AB5B1D300DB65E7 /* Info.plist */,
			);
			name = "Supporting Files";
			sourceTree = "<group>";
		};
/* End PBXGroup section */

/* Begin PBXNativeTarget section */
		F56171EC1AB5B1D300DB65E7 /* VkMessage */ = {
			isa = PBXNativeTarget;
			buildConfigurationList = F561720D1AB5B1D300DB65E7 /* Build configuration list for PBXNativeTarget "VkMessage" */;
			buildPhases = (
				F56171E91AB5B1D300DB65E7 /* Sources */,
				F56171EA1AB5B1D300DB65E7 /* Frameworks */,
				F56171EB1AB5B1D300DB65E7 /* Resources */,
			);
			buildRules = (
			);
			dependencies = (
			);
			name = VkMessage;
			productName = VkMessage;
			productReference = F56171ED1AB5B1D300DB65E7 /* VkMessage.app */;
			productType = "com.apple.product-type.application";
		};
		F56172021AB5B1D300DB65E7 /* VkMessageTests */ = {
			isa = PBXNativeTarget;
			buildConfigurationList = F56172101AB5B1D300DB65E7 /* Build configuration list for PBXNativeTarget "VkMessageTests" */;
			buildPhases = (
				F56171FF1AB5B1D300DB65E7 /* Sources */,
				F56172001AB5B1D300DB65E7 /* Frameworks */,
				F56172011AB5B1D300DB65E7 /* Resources */,
			);
			buildRules = (
			);
			dependencies = (
				F56172051AB5B1D300DB65E7 /* PBXTargetDependency */,
			);
			name = VkMessageTests;
			productName = VkMessageTests;
			productReference = F56172031AB5B1D300DB65E7 /* VkMessageTests.xctest */;
			productType = "com.apple.product-type.bundle.unit-test";
		};
/* End PBXNativeTarget section */

/* Begin PBXProject section */
		F56171E51AB5B1D300DB65E7 /* Project object */ = {
			isa = PBXProject;
			attributes = {
				LastUpgradeCheck = 0620;
				ORGANIZATIONNAME = Uubo;
				TargetAttributes = {
					F56171EC1AB5B1D300DB65E7 = {
						CreatedOnToolsVersion = 6.2;
					};
					F56172021AB5B1D300DB65E7 = {
						CreatedOnToolsVersion = 6.2;
						TestTargetID = F56171EC1AB5B1D300DB65E7;
					};
				};
			};
			buildConfigurationList = F56171E81AB5B1D300DB65E7 /* Build configuration list for PBXProject "VkMessage" */;
			compatibilityVersion = "Xcode 3.2";
			developmentRegion = English;
			hasScannedForEncodings = 0;
			knownRegions = (
				en,
				Base,
			);
			mainGroup = F56171E41AB5B1D300DB65E7;
			productRefGroup = F56171EE1AB5B1D300DB65E7 /* Products */;
			projectDirPath = "";
			projectRoot = "";
			targets = (
				F56171EC1AB5B1D300DB65E7 /* VkMessage */,
				F56172021AB5B1D300DB65E7 /* VkMessageTests */,
			);
		};
/* End PBXProject section */

/* Begin PBXResourcesBuildPhase section */
		F56171EB1AB5B1D300DB65E7 /* Resources */ = {
			isa = PBXResourcesBuildPhase;
			buildActionMask = 2147483647;
			files = (
				F56171FB1AB5B1D300DB65E7 /* Images.xcassets in Resources */,
				F56171FE1AB5B1D300DB65E7 /* Main.storyboard in Resources */,
			);
			runOnlyForDeploymentPostprocessing = 0;
		};
		F56172011AB5B1D300DB65E7 /* Resources */ = {
			isa = PBXResourcesBuildPhase;
			buildActionMask = 2147483647;
			files = (
			);
			runOnlyForDeploymentPostprocessing = 0;
		};
/* End PBXResourcesBuildPhase section */

/* Begin PBXSourcesBuildPhase section */
		F56171E91AB5B1D300DB65E7 /* Sources */ = {
			isa = PBXSourcesBuildPhase;
			buildActionMask = 2147483647;
			files = (
				F56171F91AB5B1D300DB65E7 /* ViewController.m in Sources */,
				F56171F61AB5B1D300DB65E7 /* main.m in Sources */,
				F561722E1AB5EAE300DB65E7 /* SerialPortSample.c in Sources */,
				F56171F41AB5B1D300DB65E7 /* AppDelegate.m in Sources */,
			);
			runOnlyForDeploymentPostprocessing = 0;
		};
		F56171FF1AB5B1D300DB65E7 /* Sources */ = {
			isa = PBXSourcesBuildPhase;
			buildActionMask = 2147483647;
			files = (
				F561720A1AB5B1D300DB65E7 /* VkMessageTests.m in Sources */,
			);
			runOnlyForDeploymentPostprocessing = 0;
		};
/* End PBXSourcesBuildPhase section */

/* Begin PBXTargetDependency section */
		F56172051AB5B1D300DB65E7 /* PBXTargetDependency */ = {
			isa = PBXTargetDependency;
			target = F56171EC1AB5B1D300DB65E7 /* VkMessage */;
			targetProxy = F56172041AB5B1D300DB65E7 /* PBXContainerItemProxy */;
		};
/* End PBXTargetDependency section */

/* Begin PBXVariantGroup section */
		F56171FC1AB5B1D300DB65E7 /* Main.storyboard */ = {
			isa = PBXVariantGroup;
			children = (
				F56171FD1AB5B1D300DB65E7 /* Base */,
			);
			name = Main.storyboard;
			sourceTree = "<group>";
		};
/* End PBXVariantGroup section */

/* Begin XCBuildConfiguration section */
		F561720B1AB5B1D300DB65E7 /* Debug */ = {
			isa = XCBuildConfiguration;
			buildSettings = {
				ALWAYS_SEARCH_USER_PATHS = NO;
				CLANG_CXX_LANGUAGE_STANDARD = "gnu++0x";
				CLANG_CXX_LIBRARY = "libc++";
				CLANG_ENABLE_MODULES = YES;
				CLANG_ENABLE_OBJC_ARC = YES;
				CLANG_WARN_BOOL_CONVERSION = YES;
				CLANG_WARN_CONSTANT_CONVERSION = YES;
				CLANG_WARN_DIRECT_OBJC_ISA_USAGE = YES_ERROR;
				CLANG_WARN_EMPTY_BODY = YES;
				CLANG_WARN_ENUM_CONVERSION = YES;
				CLANG_WARN_INT_CONVERSION = YES;
				CLANG_WARN_OBJC_ROOT_CLASS = YES_ERROR;
				CLANG_WARN_UNREACHABLE_CODE = YES;
				CLANG_WARN__DUPLICATE_METHOD_MATCH = YES;
				CODE_SIGN_IDENTITY = "-";
				COPY_PHASE_STRIP = NO;
				ENABLE_STRICT_OBJC_MSGSEND = YES;
				GCC_C_LANGUAGE_STANDARD = gnu99;
				GCC_DYNAMIC_NO_PIC = NO;
				GCC_OPTIMIZATION_LEVEL = 0;
				GCC_PREPROCESSOR_DEFINITIONS = (
					"DEBUG=1",
					"$(inherited)",
				);
				GCC_SYMBOLS_PRIVATE_EXTERN = NO;
				GCC_WARN_64_TO_32_BIT_CONVERSION = YES;
				GCC_WARN_ABOUT_RETURN_TYPE = YES_ERROR;
				GCC_WARN_UNDECLARED_SELECTOR = YES;
				GCC_WARN_UNINITIALIZED_AUTOS = YES_AGGRESSIVE;
				GCC_WARN_UNUSED_FUNCTION = YES;
				GCC_WARN_UNUSED_VARIABLE = YES;
				MACOSX_DEPLOYMENT_TARGET = 10.10;
				MTL_ENABLE_DEBUG_INFO = YES;
				ONLY_ACTIVE_ARCH = YES;
				SDKROOT = macosx;
			};
			name = Debug;
		};
		F561720C1AB5B1D300DB65E7 /* Release */ = {
			isa = XCBuildConfiguration;
			buildSettings = {
				ALWAYS_SEARCH_USER_PATHS = NO;
				CLANG_CXX_LANGUAGE_STANDARD = "gnu++0x";
				CLANG_CXX_LIBRARY = "libc++";
				CLANG_ENABLE_MODULES = YES;
				CLANG_ENABLE_OBJC_ARC = YES;
				CLANG_WARN_BOOL_CONVERSION = YES;
				CLANG_WARN_CONSTANT_CONVERSION = YES;
				CLANG_WARN_DIRECT_OBJC_ISA_USAGE = YES_ERROR;
				CLANG_WARN_EMPTY_BODY = YES;
				CLANG_WARN_ENUM_CONVERSION = YES;
				CLANG_WARN_INT_CONVERSION = YES;
				CLANG_WARN_OBJC_ROOT_CLASS = YES_ERROR;
				CLANG_WARN_UNREACHABLE_CODE = YES;
				CLANG_WARN__DUPLICATE_METHOD_MATCH = YES;
				CODE_SIGN_IDENTITY = "-";
				COPY_PHASE_STRIP = NO;
				DEBUG_INFORMATION_FORMAT = "dwarf-with-dsym";
				ENABLE_NS_ASSERTIONS = NO;
				ENABLE_STRICT_OBJC_MSGSEND = YES;
				GCC_C_LANGUAGE_STANDARD = gnu99;
				GCC_WARN_64_TO_32_BIT_CONVERSION = YES;
				GCC_WARN_ABOUT_RETURN_TYPE = YES_ERROR;
				GCC_WARN_UNDECLARED_SELECTOR = YES;
				GCC_WARN_UNINITIALIZED_AUTOS = YES_AGGRESSIVE;
				GCC_WARN_UNUSED_FUNCTION = YES;
				GCC_WARN_UNUSED_VARIABLE = YES;
				MACOSX_DEPLOYMENT_TARGET = 10.10;
				MTL_ENABLE_DEBUG_INFO = NO;
				SDKROOT = macosx;
			};
			name = Release;
		};
		F561720E1AB5B1D300DB65E7 /* Debug */ = {
			isa = XCBuildConfiguration;
			buildSettings = {
				ASSETCATALOG_COMPILER_APPICON_NAME = AppIcon;
				COMBINE_HIDPI_IMAGES = YES;
				INFOPLIST_FILE = VkMessage/Info.plist;
				LD_RUNPATH_SEARCH_PATHS = "$(inherited) @executable_path/../Frameworks";
				PRODUCT_NAME = "$(TARGET_NAME)";
			};
			name = Debug;
		};
		F561720F1AB5B1D300DB65E7 /* Release */ = {
			isa = XCBuildConfiguration;
			buildSettings = {
				ASSETCATALOG_COMPILER_APPICON_NAME = AppIcon;
				COMBINE_HIDPI_IMAGES = YES;
				INFOPLIST_FILE = VkMessage/Info.plist;
				LD_RUNPATH_SEARCH_PATHS = "$(inherited) @executable_path/../Frameworks";
				PRODUCT_NAME = "$(TARGET_NAME)";
			};
			name = Release;
		};
		F56172111AB5B1D300DB65E7 /* Debug */ = {
			isa = XCBuildConfiguration;
			buildSettings = {
				BUNDLE_LOADER = "$(TEST_HOST)";
				COMBINE_HIDPI_IMAGES = YES;
				FRAMEWORK_SEARCH_PATHS = (
					"$(DEVELOPER_FRAMEWORKS_DIR)",
					"$(inherited)",
				);
				GCC_PREPROCESSOR_DEFINITIONS = (
					"DEBUG=1",
					"$(inherited)",
				);
				INFOPLIST_FILE = VkMessageTests/Info.plist;
				LD_RUNPATH_SEARCH_PATHS = "$(inherited) @executable_path/../Frameworks @loader_path/../Frameworks";
				PRODUCT_NAME = "$(TARGET_NAME)";
				TEST_HOST = "$(BUILT_PRODUCTS_DIR)/VkMessage.app/Contents/MacOS/VkMessage";
			};
			name = Debug;
		};
		F56172121AB5B1D300DB65E7 /* Release */ = {
			isa = XCBuildConfiguration;
			buildSettings = {
				BUNDLE_LOADER = "$(TEST_HOST)";
				COMBINE_HIDPI_IMAGES = YES;
				FRAMEWORK_SEARCH_PATHS = (
					"$(DEVELOPER_FRAMEWORKS_DIR)",
					"$(inherited)",
				);
				INFOPLIST_FILE = VkMessageTests/Info.plist;
				LD_RUNPATH_SEARCH_PATHS = "$(inherited) @executable_path/../Frameworks @loader_path/../Frameworks";
				PRODUCT_NAME = "$(TARGET_NAME)";
				TEST_HOST = "$(BUILT_PRODUCTS_DIR)/VkMessage.app/Contents/MacOS/VkMessage";
			};
			name = Release;
		};
/* End XCBuildConfiguration section */

/* Begin XCConfigurationList section */
		F56171E81AB5B1D300DB65E7 /* Build configuration list for PBXProject "VkMessage" */ = {
			isa = XCConfigurationList;
			buildConfigurations = (
				F561720B1AB5B1D300DB65E7 /* Debug */,
				F561720C1AB5B1D300DB65E7 /* Release */,
			);
			defaultConfigurationIsVisible = 0;
			defaultConfigurationName = Release;
		};
		F561720D1AB5B1D300DB65E7 /* Build configuration list for PBXNativeTarget "VkMessage" */ = {
			isa = XCConfigurationList;
			buildConfigurations = (
				F561720E1AB5B1D300DB65E7 /* Debug */,
				F561720F1AB5B1D300DB65E7 /* Release */,
			);
			defaultConfigurationIsVisible = 0;
			defaultConfigurationName = Release;
		};
		F56172101AB5B1D300DB65E7 /* Build configuration list for PBXNativeTarget "VkMessageTests" */ = {
			isa = XCConfigurationList;
			buildConfigurations = (
				F56172111AB5B1D300DB65E7 /* Debug */,
				F56172121AB5B1D300DB65E7 /* Release */,
			);
			defaultConfigurationIsVisible = 0;
			defaultConfigurationName = Release;
		};
/* End XCConfigurationList section */
	};
	rootObject = F56171E51AB5B1D300DB65E7 /* Project object */;
}
